
Microsoft Visual Studio Solution File, Format Version 12.00
# Visual Studio Version 16
VisualStudioVersion = 16.0.29123.88
MinimumVisualStudioVersion = 10.0.40219.1
Project("{2150E333-8FDC-42A3-9474-1A3956D46DE8}") = "1.HellowWorld", "1.HellowWorld", "{F028CC0A-6E95-4F8F-B057-9DED34E98E3A}"
EndProject
Project("{9A19103F-16F7-4668-BE54-9A1E7A4F7556}") = "Jiamiao.x.RabbitMq.HelloWorld.Send", "Jiamiao.x.RabbitMq.HelloWorld.Send\Jiamiao.x.RabbitMq.HelloWorld.Send.csproj", "{4B196DA0-9886-48EE-9882-A26D29B1D038}"
EndProject
Project("{9A19103F-16F7-4668-BE54-9A1E7A4F7556}") = "Jiamiao.x.RabbitMq.HelloWorld.Receive", "Jiamiao.x.RabbitMq.HelloWorld.Receive\Jiamiao.x.RabbitMq.HelloWorld.Receive.csproj", "{624E8A59-046E-486E-99A3-DC56F29D454C}"
EndProject
Project("{2150E333-8FDC-42A3-9474-1A3956D46DE8}") = "2.WorkQueues", "2.WorkQueues", "{DE7C1A64-E440-4173-9781-4DB180B05C85}"
EndProject
Project("{FAE04EC0-301F-11D3-BF4B-00C04F79EFBC}") = "Jiamiao.x.RabbitMq.WorkQueues.Send", "Jiamiao.x.RabbitMq.WorkQueues.Send\Jiamiao.x.RabbitMq.WorkQueues.Send.csproj", "{11018795-0FDC-4211-8D4A-6E909F02CB70}"
EndProject
Project("{FAE04EC0-301F-11D3-BF4B-00C04F79EFBC}") = "Jiamiao.x.RabbitMq.WorkQueues.Receive", "Jiamiao.x.RabbitMq.WorkQueues.Receive\Jiamiao.x.RabbitMq.WorkQueues.Receive.csproj", "{81B90E25-39C8-4BD7-BE28-F23F2A1C07CB}"
EndProject
Project("{2150E333-8FDC-42A3-9474-1A3956D46DE8}") = "doc", "doc", "{84718170-9DFA-4069-8D9E-0EC362AB30EF}"
	ProjectSection(SolutionItems) = preProject
		README.md = README.md
	EndProjectSection
EndProject
Project("{2150E333-8FDC-42A3-9474-1A3956D46DE8}") = "3.Publish_Subscribe", "3.Publish_Subscribe", "{34DC288B-1CA6-4272-85AE-03B41478F369}"
EndProject
Project("{FAE04EC0-301F-11D3-BF4B-00C04F79EFBC}") = "Jiamiao.x.RabbitMq.Publish_Subscribe.Publish", "Jiamiao.x.RabbitMq.Publish_Subscribe.Publish\Jiamiao.x.RabbitMq.Publish_Subscribe.Publish.csproj", "{D14948F3-F398-4900-BAE3-798DD1F47B17}"
EndProject
Project("{FAE04EC0-301F-11D3-BF4B-00C04F79EFBC}") = "Jiamiao.x.RabbitMq.Publish_Subscribe.Subscribe", "Jiamiao.x.RabbitMq.Publish_Subscribe.Subscribe\Jiamiao.x.RabbitMq.Publish_Subscribe.Subscribe.csproj", "{98946453-2621-4D72-83AD-10635443BB25}"
EndProject
Project("{2150E333-8FDC-42A3-9474-1A3956D46DE8}") = "4.Routing", "4.Routing", "{FB62A062-F182-4E4B-B2B0-B4BE71844227}"
EndProject
Project("{FAE04EC0-301F-11D3-BF4B-00C04F79EFBC}") = "Jiamiao.x.RabbitMq.Routing.Send", "Jiamiao.x.RabbitMq.Routing.Send\Jiamiao.x.RabbitMq.Routing.Send.csproj", "{E9F3C051-47A8-4068-9E4D-F5A2CF97AC7E}"
EndProject
Project("{FAE04EC0-301F-11D3-BF4B-00C04F79EFBC}") = "Jiamiao.x.RabbitMq.Routing.Receive", "Jiamiao.x.RabbitMq.Routing.Receive\Jiamiao.x.RabbitMq.Routing.Receive.csproj", "{ADD6EAF7-2CAD-4E1E-94C4-35F6939E7D51}"
EndProject
Project("{2150E333-8FDC-42A3-9474-1A3956D46DE8}") = "5.Topic", "5.Topic", "{9E042BB9-6D5E-466C-AB70-070F1114C737}"
EndProject
Project("{FAE04EC0-301F-11D3-BF4B-00C04F79EFBC}") = "Jiamiao.x.RabbitMq.Topic.Send", "Jiamiao.x.RabbitMq.Topic.Send\Jiamiao.x.RabbitMq.Topic.Send.csproj", "{0B0D92D4-CE55-4CB5-8ECD-94F635579F76}"
EndProject
Project("{FAE04EC0-301F-11D3-BF4B-00C04F79EFBC}") = "Jiamiao.x.RabbitMq.Topic.Receive", "Jiamiao.x.RabbitMq.Topic.Receive\Jiamiao.x.RabbitMq.Topic.Receive.csproj", "{A24E26D2-00D0-40F0-869D-A06E286ED0CF}"
EndProject
Global
	GlobalSection(SolutionConfigurationPlatforms) = preSolution
		Debug|Any CPU = Debug|Any CPU
		Release|Any CPU = Release|Any CPU
	EndGlobalSection
	GlobalSection(ProjectConfigurationPlatforms) = postSolution
		{4B196DA0-9886-48EE-9882-A26D29B1D038}.Debug|Any CPU.ActiveCfg = Debug|Any CPU
		{4B196DA0-9886-48EE-9882-A26D29B1D038}.Debug|Any CPU.Build.0 = Debug|Any CPU
		{4B196DA0-9886-48EE-9882-A26D29B1D038}.Release|Any CPU.ActiveCfg = Release|Any CPU
		{4B196DA0-9886-48EE-9882-A26D29B1D038}.Release|Any CPU.Build.0 = Release|Any CPU
		{624E8A59-046E-486E-99A3-DC56F29D454C}.Debug|Any CPU.ActiveCfg = Debug|Any CPU
		{624E8A59-046E-486E-99A3-DC56F29D454C}.Debug|Any CPU.Build.0 = Debug|Any CPU
		{624E8A59-046E-486E-99A3-DC56F29D454C}.Release|Any CPU.ActiveCfg = Release|Any CPU
		{624E8A59-046E-486E-99A3-DC56F29D454C}.Release|Any CPU.Build.0 = Release|Any CPU
		{11018795-0FDC-4211-8D4A-6E909F02CB70}.Debug|Any CPU.ActiveCfg = Debug|Any CPU
		{11018795-0FDC-4211-8D4A-6E909F02CB70}.Debug|Any CPU.Build.0 = Debug|Any CPU
		{11018795-0FDC-4211-8D4A-6E909F02CB70}.Release|Any CPU.ActiveCfg = Release|Any CPU
		{11018795-0FDC-4211-8D4A-6E909F02CB70}.Release|Any CPU.Build.0 = Release|Any CPU
		{81B90E25-39C8-4BD7-BE28-F23F2A1C07CB}.Debug|Any CPU.ActiveCfg = Debug|Any CPU
		{81B90E25-39C8-4BD7-BE28-F23F2A1C07CB}.Debug|Any CPU.Build.0 = Debug|Any CPU
		{81B90E25-39C8-4BD7-BE28-F23F2A1C07CB}.Release|Any CPU.ActiveCfg = Release|Any CPU
		{81B90E25-39C8-4BD7-BE28-F23F2A1C07CB}.Release|Any CPU.Build.0 = Release|Any CPU
		{D14948F3-F398-4900-BAE3-798DD1F47B17}.Debug|Any CPU.ActiveCfg = Debug|Any CPU
		{D14948F3-F398-4900-BAE3-798DD1F47B17}.Debug|Any CPU.Build.0 = Debug|Any CPU
		{D14948F3-F398-4900-BAE3-798DD1F47B17}.Release|Any CPU.ActiveCfg = Release|Any CPU
		{D14948F3-F398-4900-BAE3-798DD1F47B17}.Release|Any CPU.Build.0 = Release|Any CPU
		{98946453-2621-4D72-83AD-10635443BB25}.Debug|Any CPU.ActiveCfg = Debug|Any CPU
		{98946453-2621-4D72-83AD-10635443BB25}.Debug|Any CPU.Build.0 = Debug|Any CPU
		{98946453-2621-4D72-83AD-10635443BB25}.Release|Any CPU.ActiveCfg = Release|Any CPU
		{98946453-2621-4D72-83AD-10635443BB25}.Release|Any CPU.Build.0 = Release|Any CPU
		{E9F3C051-47A8-4068-9E4D-F5A2CF97AC7E}.Debug|Any CPU.ActiveCfg = Debug|Any CPU
		{E9F3C051-47A8-4068-9E4D-F5A2CF97AC7E}.Debug|Any CPU.Build.0 = Debug|Any CPU
		{E9F3C051-47A8-4068-9E4D-F5A2CF97AC7E}.Release|Any CPU.ActiveCfg = Release|Any CPU
		{E9F3C051-47A8-4068-9E4D-F5A2CF97AC7E}.Release|Any CPU.Build.0 = Release|Any CPU
		{ADD6EAF7-2CAD-4E1E-94C4-35F6939E7D51}.Debug|Any CPU.ActiveCfg = Debug|Any CPU
		{ADD6EAF7-2CAD-4E1E-94C4-35F6939E7D51}.Debug|Any CPU.Build.0 = Debug|Any CPU
		{ADD6EAF7-2CAD-4E1E-94C4-35F6939E7D51}.Release|Any CPU.ActiveCfg = Release|Any CPU
		{ADD6EAF7-2CAD-4E1E-94C4-35F6939E7D51}.Release|Any CPU.Build.0 = Release|Any CPU
		{0B0D92D4-CE55-4CB5-8ECD-94F635579F76}.Debug|Any CPU.ActiveCfg = Debug|Any CPU
		{0B0D92D4-CE55-4CB5-8ECD-94F635579F76}.Debug|Any CPU.Build.0 = Debug|Any CPU
		{0B0D92D4-CE55-4CB5-8ECD-94F635579F76}.Release|Any CPU.ActiveCfg = Release|Any CPU
		{0B0D92D4-CE55-4CB5-8ECD-94F635579F76}.Release|Any CPU.Build.0 = Release|Any CPU
		{A24E26D2-00D0-40F0-869D-A06E286ED0CF}.Debug|Any CPU.ActiveCfg = Debug|Any CPU
		{A24E26D2-00D0-40F0-869D-A06E286ED0CF}.Debug|Any CPU.Build.0 = Debug|Any CPU
		{A24E26D2-00D0-40F0-869D-A06E286ED0CF}.Release|Any CPU.ActiveCfg = Release|Any CPU
		{A24E26D2-00D0-40F0-869D-A06E286ED0CF}.Release|Any CPU.Build.0 = Release|Any CPU
	EndGlobalSection
	GlobalSection(SolutionProperties) = preSolution
		HideSolutionNode = FALSE
	EndGlobalSection
	GlobalSection(NestedProjects) = preSolution
		{4B196DA0-9886-48EE-9882-A26D29B1D038} = {F028CC0A-6E95-4F8F-B057-9DED34E98E3A}
		{624E8A59-046E-486E-99A3-DC56F29D454C} = {F028CC0A-6E95-4F8F-B057-9DED34E98E3A}
		{11018795-0FDC-4211-8D4A-6E909F02CB70} = {DE7C1A64-E440-4173-9781-4DB180B05C85}
		{81B90E25-39C8-4BD7-BE28-F23F2A1C07CB} = {DE7C1A64-E440-4173-9781-4DB180B05C85}
		{D14948F3-F398-4900-BAE3-798DD1F47B17} = {34DC288B-1CA6-4272-85AE-03B41478F369}
		{98946453-2621-4D72-83AD-10635443BB25} = {34DC288B-1CA6-4272-85AE-03B41478F369}
		{E9F3C051-47A8-4068-9E4D-F5A2CF97AC7E} = {FB62A062-F182-4E4B-B2B0-B4BE71844227}
		{ADD6EAF7-2CAD-4E1E-94C4-35F6939E7D51} = {FB62A062-F182-4E4B-B2B0-B4BE71844227}
		{0B0D92D4-CE55-4CB5-8ECD-94F635579F76} = {9E042BB9-6D5E-466C-AB70-070F1114C737}
		{A24E26D2-00D0-40F0-869D-A06E286ED0CF} = {9E042BB9-6D5E-466C-AB70-070F1114C737}
	EndGlobalSection
	GlobalSection(ExtensibilityGlobals) = postSolution
		SolutionGuid = {24F5127C-447A-42CE-B752-CCDAEB02403E}
	EndGlobalSection
EndGlobal
