
Microsoft Visual Studio Solution File, Format Version 12.00
# Visual Studio Version 16
VisualStudioVersion = 16.0.29123.88
MinimumVisualStudioVersion = 10.0.40219.1
Project("{2150E333-8FDC-42A3-9474-1A3956D46DE8}") = "1.HellowWorld", "1.HellowWorld", "{F028CC0A-6E95-4F8F-B057-9DED34E98E3A}"
EndProject
Project("{FAE04EC0-301F-11D3-BF4B-00C04F79EFBC}") = "Jiamiao.x.RabbitMq.HelloWorld.Send", "Jiamiao.x.RabbitMq.HelloWorld.Send\Jiamiao.x.RabbitMq.HelloWorld.Send.csproj", "{4B196DA0-9886-48EE-9882-A26D29B1D038}"
EndProject
Project("{FAE04EC0-301F-11D3-BF4B-00C04F79EFBC}") = "Jiamiao.x.RabbitMq.HelloWorld.Receive", "Jiamiao.x.RabbitMq.HelloWorld.Receive\Jiamiao.x.RabbitMq.HelloWorld.Receive.csproj", "{624E8A59-046E-486E-99A3-DC56F29D454C}"
EndProject
Global
	GlobalSection(SolutionConfigurationPlatforms) = preSolution
		Debug|Any CPU = Debug|Any CPU
		Release|Any CPU = Release|Any CPU
	EndGlobalSection
	GlobalSection(ProjectConfigurationPlatforms) = postSolution
		{4B196DA0-9886-48EE-9882-A26D29B1D038}.Debug|Any CPU.ActiveCfg = Debug|Any CPU
		{4B196DA0-9886-48EE-9882-A26D29B1D038}.Debug|Any CPU.Build.0 = Debug|Any CPU
		{4B196DA0-9886-48EE-9882-A26D29B1D038}.Release|Any CPU.ActiveCfg = Release|Any CPU
		{4B196DA0-9886-48EE-9882-A26D29B1D038}.Release|Any CPU.Build.0 = Release|Any CPU
		{624E8A59-046E-486E-99A3-DC56F29D454C}.Debug|Any CPU.ActiveCfg = Debug|Any CPU
		{624E8A59-046E-486E-99A3-DC56F29D454C}.Debug|Any CPU.Build.0 = Debug|Any CPU
		{624E8A59-046E-486E-99A3-DC56F29D454C}.Release|Any CPU.ActiveCfg = Release|Any CPU
		{624E8A59-046E-486E-99A3-DC56F29D454C}.Release|Any CPU.Build.0 = Release|Any CPU
	EndGlobalSection
	GlobalSection(SolutionProperties) = preSolution
		HideSolutionNode = FALSE
	EndGlobalSection
	GlobalSection(NestedProjects) = preSolution
		{4B196DA0-9886-48EE-9882-A26D29B1D038} = {F028CC0A-6E95-4F8F-B057-9DED34E98E3A}
		{624E8A59-046E-486E-99A3-DC56F29D454C} = {F028CC0A-6E95-4F8F-B057-9DED34E98E3A}
	EndGlobalSection
	GlobalSection(ExtensibilityGlobals) = postSolution
		SolutionGuid = {24F5127C-447A-42CE-B752-CCDAEB02403E}
	EndGlobalSection
EndGlobal
